{
	"name": "fibers",
	"version": "5.0.0-bee.1",
	"lockfileVersion": 1,
	"requires": true,
	"dependencies": {
		"detect-libc": {
			"version": "1.0.3",
			"resolved": "https://registry.npmjs.org/detect-libc/-/detect-libc-1.0.3.tgz",
			"integrity": "sha1-+hN8S9aY7fVc1c0CrFWfkaTEups="
		},
		"node-gyp-build": {
			"version": "4.2.3",
			"resolved": "http://npm.bbuzcloud.com:4873/node-gyp-build/-/node-gyp-build-4.2.3.tgz",
			"integrity": "sha512-MN6ZpzmfNCRM+3t57PTJHgHyw/h4OWnZ6mR8P5j/uZtqQr46RRuDE/P+g3n0YR/AiYXeWixZZzaip77gdICfRg=="
		}
	}
}
